
Microsoft Visual Studio Solution File, Format Version 12.00
# Visual Studio Version 16
VisualStudioVersion = 16.6.30114.105
MinimumVisualStudioVersion = 10.0.40219.1
Project("{2150E333-8FDC-42A3-9474-1A3956D46DE8}") = "src", "src", "{55CEDE47-231C-4B6A-AA3A-C0544D716144}"
EndProject
Project("{FAE04EC0-301F-11D3-BF4B-00C04F79EFBC}") = "Disposable", "src\Disposable\Disposable.csproj", "{F15346FE-86A6-4E75-8E61-1BA0436DC9C2}"
EndProject
Project("{2150E333-8FDC-42A3-9474-1A3956D46DE8}") = "tests", "tests", "{5CDB7AEA-18B3-4912-8C4E-5BC5C00FF214}"
EndProject
Project("{FAE04EC0-301F-11D3-BF4B-00C04F79EFBC}") = "Disposable.UnitTests", "tests\Disposable.UnitTests\Disposable.UnitTests.csproj", "{F8949FB1-D47E-4A1F-9771-C8D61915F8D8}"
EndProject
Global
	GlobalSection(SolutionConfigurationPlatforms) = preSolution
		Debug|Any CPU = Debug|Any CPU
		Debug|x64 = Debug|x64
		Debug|x86 = Debug|x86
		Release|Any CPU = Release|Any CPU
		Release|x64 = Release|x64
		Release|x86 = Release|x86
	EndGlobalSection
	GlobalSection(SolutionProperties) = preSolution
		HideSolutionNode = FALSE
	EndGlobalSection
	GlobalSection(ProjectConfigurationPlatforms) = postSolution
		{F15346FE-86A6-4E75-8E61-1BA0436DC9C2}.Debug|Any CPU.ActiveCfg = Debug|Any CPU
		{F15346FE-86A6-4E75-8E61-1BA0436DC9C2}.Debug|Any CPU.Build.0 = Debug|Any CPU
		{F15346FE-86A6-4E75-8E61-1BA0436DC9C2}.Debug|x64.ActiveCfg = Debug|Any CPU
		{F15346FE-86A6-4E75-8E61-1BA0436DC9C2}.Debug|x64.Build.0 = Debug|Any CPU
		{F15346FE-86A6-4E75-8E61-1BA0436DC9C2}.Debug|x86.ActiveCfg = Debug|Any CPU
		{F15346FE-86A6-4E75-8E61-1BA0436DC9C2}.Debug|x86.Build.0 = Debug|Any CPU
		{F15346FE-86A6-4E75-8E61-1BA0436DC9C2}.Release|Any CPU.ActiveCfg = Release|Any CPU
		{F15346FE-86A6-4E75-8E61-1BA0436DC9C2}.Release|Any CPU.Build.0 = Release|Any CPU
		{F15346FE-86A6-4E75-8E61-1BA0436DC9C2}.Release|x64.ActiveCfg = Release|Any CPU
		{F15346FE-86A6-4E75-8E61-1BA0436DC9C2}.Release|x64.Build.0 = Release|Any CPU
		{F15346FE-86A6-4E75-8E61-1BA0436DC9C2}.Release|x86.ActiveCfg = Release|Any CPU
		{F15346FE-86A6-4E75-8E61-1BA0436DC9C2}.Release|x86.Build.0 = Release|Any CPU
		{F8949FB1-D47E-4A1F-9771-C8D61915F8D8}.Debug|Any CPU.ActiveCfg = Debug|Any CPU
		{F8949FB1-D47E-4A1F-9771-C8D61915F8D8}.Debug|Any CPU.Build.0 = Debug|Any CPU
		{F8949FB1-D47E-4A1F-9771-C8D61915F8D8}.Debug|x64.ActiveCfg = Debug|Any CPU
		{F8949FB1-D47E-4A1F-9771-C8D61915F8D8}.Debug|x64.Build.0 = Debug|Any CPU
		{F8949FB1-D47E-4A1F-9771-C8D61915F8D8}.Debug|x86.ActiveCfg = Debug|Any CPU
		{F8949FB1-D47E-4A1F-9771-C8D61915F8D8}.Debug|x86.Build.0 = Debug|Any CPU
		{F8949FB1-D47E-4A1F-9771-C8D61915F8D8}.Release|Any CPU.ActiveCfg = Release|Any CPU
		{F8949FB1-D47E-4A1F-9771-C8D61915F8D8}.Release|Any CPU.Build.0 = Release|Any CPU
		{F8949FB1-D47E-4A1F-9771-C8D61915F8D8}.Release|x64.ActiveCfg = Release|Any CPU
		{F8949FB1-D47E-4A1F-9771-C8D61915F8D8}.Release|x64.Build.0 = Release|Any CPU
		{F8949FB1-D47E-4A1F-9771-C8D61915F8D8}.Release|x86.ActiveCfg = Release|Any CPU
		{F8949FB1-D47E-4A1F-9771-C8D61915F8D8}.Release|x86.Build.0 = Release|Any CPU
	EndGlobalSection
	GlobalSection(NestedProjects) = preSolution
		{F15346FE-86A6-4E75-8E61-1BA0436DC9C2} = {55CEDE47-231C-4B6A-AA3A-C0544D716144}
		{F8949FB1-D47E-4A1F-9771-C8D61915F8D8} = {5CDB7AEA-18B3-4912-8C4E-5BC5C00FF214}
	EndGlobalSection
EndGlobal
